
Microsoft Visual Studio Solution File, Format Version 12.00
# Visual Studio Version 16
VisualStudioVersion = 16.0.31402.337
MinimumVisualStudioVersion = 10.0.40219.1
Project("{FAE04EC0-301F-11D3-BF4B-00C04F79EFBC}") = "PickRandomCards", "PickRandomCards.csproj", "{A5CF1C16-714A-484F-9D59-1C4E0A7DFAF5}"
EndProject
Global
	GlobalSection(SolutionConfigurationPlatforms) = preSolution
		Debug|Any CPU = Debug|Any CPU
		Release|Any CPU = Release|Any CPU
	EndGlobalSection
	GlobalSection(ProjectConfigurationPlatforms) = postSolution
		{A5CF1C16-714A-484F-9D59-1C4E0A7DFAF5}.Debug|Any CPU.ActiveCfg = Debug|Any CPU
		{A5CF1C16-714A-484F-9D59-1C4E0A7DFAF5}.Debug|Any CPU.Build.0 = Debug|Any CPU
		{A5CF1C16-714A-484F-9D59-1C4E0A7DFAF5}.Release|Any CPU.ActiveCfg = Release|Any CPU
		{A5CF1C16-714A-484F-9D59-1C4E0A7DFAF5}.Release|Any CPU.Build.0 = Release|Any CPU
	EndGlobalSection
	GlobalSection(SolutionProperties) = preSolution
		HideSolutionNode = FALSE
	EndGlobalSection
	GlobalSection(ExtensibilityGlobals) = postSolution
		SolutionGuid = {BD01EDA6-CD04-409F-80AC-3204F93541FE}
	EndGlobalSection
EndGlobal
